
Microsoft Visual Studio Solution File, Format Version 12.00
# Visual Studio 15
VisualStudioVersion = 15.0.26730.12
MinimumVisualStudioVersion = 10.0.40219.1
Project("{FAE04EC0-301F-11D3-BF4B-00C04F79EFBC}") = "LabNumber2", "LabNumber2\LabNumber2.csproj", "{FA980CED-EA1D-4600-BB90-8DC8DE5EC138}"
EndProject
Global
	GlobalSection(SolutionConfigurationPlatforms) = preSolution
		Debug|Any CPU = Debug|Any CPU
		Release|Any CPU = Release|Any CPU
	EndGlobalSection
	GlobalSection(ProjectConfigurationPlatforms) = postSolution
		{FA980CED-EA1D-4600-BB90-8DC8DE5EC138}.Debug|Any CPU.ActiveCfg = Debug|Any CPU
		{FA980CED-EA1D-4600-BB90-8DC8DE5EC138}.Debug|Any CPU.Build.0 = Debug|Any CPU
		{FA980CED-EA1D-4600-BB90-8DC8DE5EC138}.Release|Any CPU.ActiveCfg = Release|Any CPU
		{FA980CED-EA1D-4600-BB90-8DC8DE5EC138}.Release|Any CPU.Build.0 = Release|Any CPU
	EndGlobalSection
	GlobalSection(SolutionProperties) = preSolution
		HideSolutionNode = FALSE
	EndGlobalSection
	GlobalSection(ExtensibilityGlobals) = postSolution
		SolutionGuid = {F04A6544-D4D0-4402-B2DA-BB4EDD565AEF}
	EndGlobalSection
EndGlobal
